{
  "name": "monitoring-tegangan",
  "version": "1.0.0",
  "lockfileVersion": 1,
  "requires": true,
  "dependencies": {
    "@fortawesome/fontawesome-free": {
      "version": "5.11.2",
      "resolved": "https://registry.npmjs.org/@fortawesome/fontawesome-free/-/fontawesome-free-5.11.2.tgz",
      "integrity": "sha512-XiUPoS79r1G7PcpnNtq85TJ7inJWe0v+b5oZJZKb0pGHNIV6+UiNeQWiFGmuQ0aj7GEhnD/v9iqxIsjuRKtEnQ=="
    },
    "bootstrap": {
      "version": "4.3.1",
      "resolved": "https://registry.npmjs.org/bootstrap/-/bootstrap-4.3.1.tgz",
      "integrity": "sha512-rXqOmH1VilAt2DyPzluTi2blhk17bO7ef+zLLPlWvG494pDxcM234pJ8wTc/6R40UWizAIIMgxjvxZg5kmsbag=="
    },
    "bootstrap-datepicker": {
      "version": "1.9.0",
      "resolved": "https://registry.npmjs.org/bootstrap-datepicker/-/bootstrap-datepicker-1.9.0.tgz",
      "integrity": "sha512-9rYYbaVOheGYxjOr/+bJCmRPihfy+LkLSg4fIFMT9Od8WwWB/MB50w0JO1eBgKUMbb7PFHQD5uAfI3ArAxZRXA==",
      "requires": {
        "jquery": ">=1.7.1 <4.0.0"
      }
    },
    "clipboard": {
      "version": "2.0.8",
      "resolved": "https://registry.npmjs.org/clipboard/-/clipboard-2.0.8.tgz",
      "integrity": "sha512-Y6WO0unAIQp5bLmk1zdThRhgJt/x3ks6f30s3oE3H1mgIEU33XyQjEf8gsf6DxC7NPX8Y1SsNWjUjL/ywLnnbQ==",
      "optional": true,
      "requires": {
        "good-listener": "^1.2.2",
        "select": "^1.1.2",
        "tiny-emitter": "^2.0.0"
      }
    },
    "delegate": {
      "version": "3.2.0",
      "resolved": "https://registry.npmjs.org/delegate/-/delegate-3.2.0.tgz",
      "integrity": "sha512-IofjkYBZaZivn0V8nnsMJGBr4jVLxHDheKSW88PyxS5QC4Vo9ZbZVvhzlSxY87fVq3STR6r+4cGepyHkcWOQSw==",
      "optional": true
    },
    "dom-walk": {
      "version": "0.1.2",
      "resolved": "https://registry.npmjs.org/dom-walk/-/dom-walk-0.1.2.tgz",
      "integrity": "sha512-6QvTW9mrGeIegrFXdtQi9pk7O/nSK6lSdXW2eqUspN5LWD7UTji2Fqw5V2YLjBpHEoU9Xl/eUWNpDeZvoyOv2w=="
    },
    "global": {
      "version": "4.4.0",
      "resolved": "https://registry.npmjs.org/global/-/global-4.4.0.tgz",
      "integrity": "sha512-wv/LAoHdRE3BeTGz53FAamhGlPLhlssK45usmGFThIi4XqnBmjKQ16u+RNbP7WvigRZDxUsM0J3gcQ5yicaL0w==",
      "requires": {
        "min-document": "^2.19.0",
        "process": "^0.11.10"
      }
    },
    "good-listener": {
      "version": "1.2.2",
      "resolved": "https://registry.npmjs.org/good-listener/-/good-listener-1.2.2.tgz",
      "integrity": "sha1-1TswzfkxPf+33JoNR3CWqm0UXFA=",
      "optional": true,
      "requires": {
        "delegate": "^3.1.2"
      }
    },
    "headroom.js": {
      "version": "0.10.3",
      "resolved": "https://registry.npmjs.org/headroom.js/-/headroom.js-0.10.3.tgz",
      "integrity": "sha512-gMLqEtViTt4GI2G2+XnqRr9OIxxrgKmywHuCY2XtjKnQc2UcdDKbocvkL7Ohi1K5v3sU7BZmzqbQakAjDG/WZQ=="
    },
    "jarallax": {
      "version": "1.12.0",
      "resolved": "https://registry.npmjs.org/jarallax/-/jarallax-1.12.0.tgz",
      "integrity": "sha512-ct22wQAZHN/zv/PjZpldDNhqlcr1vP7p3xjyI4c56tobxH3xODLu7FdfNFPyN5KqzSL9vH15SoNT2YDcsnzKvQ==",
      "requires": {
        "global": "^4.4.0",
        "lite-ready": "^1.0.4",
        "rafl": "^1.2.2",
        "video-worker": "^1.1.6"
      }
    },
    "jquery": {
      "version": "3.5.0",
      "resolved": "https://registry.npmjs.org/jquery/-/jquery-3.5.0.tgz",
      "integrity": "sha512-Xb7SVYMvygPxbFMpTFQiHh1J7HClEaThguL15N/Gg37Lri/qKyhRGZYzHRyLH8Stq3Aow0LsHO2O2ci86fCrNQ=="
    },
    "jquery-countdown": {
      "version": "2.2.0",
      "resolved": "https://registry.npmjs.org/jquery-countdown/-/jquery-countdown-2.2.0.tgz",
      "integrity": "sha1-unjtXXzxB7OxysnGugeZfUqi3O8="
    },
    "jquery-validation": {
      "version": "1.19.1",
      "resolved": "https://registry.npmjs.org/jquery-validation/-/jquery-validation-1.19.1.tgz",
      "integrity": "sha512-QNnrZBqSltWUEJx+shOY5WtfrIb0gWmDjFfQP8rZKqMMSfpRSwEkSqhfHPvDfkObD8Hnv5KHSYI8yg73sVFdqA=="
    },
    "jquery.counterup": {
      "version": "2.1.0",
      "resolved": "https://registry.npmjs.org/jquery.counterup/-/jquery.counterup-2.1.0.tgz",
      "integrity": "sha1-lmZdAUYDItbSMg+p3eMBPMfRL2A=",
      "requires": {
        "jquery": ">=1.5.0",
        "waypoints": ">=3.0"
      }
    },
    "lite-ready": {
      "version": "1.0.4",
      "resolved": "https://registry.npmjs.org/lite-ready/-/lite-ready-1.0.4.tgz",
      "integrity": "sha1-bf5Q9FpaKEDIfIQGp6vzCIv9JV4="
    },
    "min-document": {
      "version": "2.19.0",
      "resolved": "https://registry.npmjs.org/min-document/-/min-document-2.19.0.tgz",
      "integrity": "sha1-e9KC4/WELtKVu3SM3Z8f+iyCRoU=",
      "requires": {
        "dom-walk": "^0.1.0"
      }
    },
    "nouislider": {
      "version": "11.0.3",
      "resolved": "https://registry.npmjs.org/nouislider/-/nouislider-11.0.3.tgz",
      "integrity": "sha512-EmL3FHQ1vZ7wofzeLRqGZc7Lt4HpHezwfi2ODz8H2qcvltdIb4yqSo0trFN3Uk08YN7sPSQVETtH4Dg+k8xOBA=="
    },
    "onscreen": {
      "version": "1.3.4",
      "resolved": "https://registry.npmjs.org/onscreen/-/onscreen-1.3.4.tgz",
      "integrity": "sha512-rtyO4Z5WagTtA31ywUUQrUN/lQ2OR/FqzDqw3S/2aWE9chCiuV0bfYychu+UqYRdI0sah5TJMMCtIMxPagONQg=="
    },
    "popper.js": {
      "version": "1.16.0",
      "resolved": "https://registry.npmjs.org/popper.js/-/popper.js-1.16.0.tgz",
      "integrity": "sha512-+G+EkOPoE5S/zChTpmBSSDYmhXJ5PsW8eMhH8cP/CQHMFPBG/kC9Y5IIw6qNYgdJ+/COf0ddY2li28iHaZRSjw=="
    },
    "prismjs": {
      "version": "1.17.1",
      "resolved": "https://registry.npmjs.org/prismjs/-/prismjs-1.17.1.tgz",
      "integrity": "sha512-PrEDJAFdUGbOP6xK/UsfkC5ghJsPJviKgnQOoxaDbBjwc8op68Quupwt1DeAFoG8GImPhiKXAvvsH7wDSLsu1Q==",
      "requires": {
        "clipboard": "^2.0.0"
      }
    },
    "process": {
      "version": "0.11.10",
      "resolved": "https://registry.npmjs.org/process/-/process-0.11.10.tgz",
      "integrity": "sha1-czIwDoQBYb2j5podHZGn1LwW8YI="
    },
    "rafl": {
      "version": "1.2.2",
      "resolved": "https://registry.npmjs.org/rafl/-/rafl-1.2.2.tgz",
      "integrity": "sha1-/pMPdYIRAg1H44gV9Rlqi+QVB0A=",
      "requires": {
        "global": "~4.3.0"
      },
      "dependencies": {
        "global": {
          "version": "4.3.2",
          "resolved": "https://registry.npmjs.org/global/-/global-4.3.2.tgz",
          "integrity": "sha1-52mJJopsdMOJCLEwWxD8DjlOnQ8=",
          "requires": {
            "min-document": "^2.19.0",
            "process": "~0.5.1"
          }
        },
        "process": {
          "version": "0.5.2",
          "resolved": "https://registry.npmjs.org/process/-/process-0.5.2.tgz",
          "integrity": "sha1-FjjYqONML0QKkduVq5rrZ3/Bhc8="
        }
      }
    },
    "select": {
      "version": "1.1.2",
      "resolved": "https://registry.npmjs.org/select/-/select-1.1.2.tgz",
      "integrity": "sha1-DnNQrN7ICxEIUoeG7B1EGNEbOW0=",
      "optional": true
    },
    "smooth-scroll": {
      "version": "16.1.3",
      "resolved": "https://registry.npmjs.org/smooth-scroll/-/smooth-scroll-16.1.3.tgz",
      "integrity": "sha512-ca9U+neJS/cbdScTBuUTCZvUWNF2EuMCk7oAx3ImdeRK5FPm+xRo9XsVHIkeEVkn7MBRx+ufVEhyveM4ZhaTGA=="
    },
    "sticky-sidebar": {
      "version": "3.3.1",
      "resolved": "https://registry.npmjs.org/sticky-sidebar/-/sticky-sidebar-3.3.1.tgz",
      "integrity": "sha1-FCv2tkwrQW5LcH6/jwm4taUEOHc="
    },
    "tiny-emitter": {
      "version": "2.1.0",
      "resolved": "https://registry.npmjs.org/tiny-emitter/-/tiny-emitter-2.1.0.tgz",
      "integrity": "sha512-NB6Dk1A9xgQPMoGqC5CVXn123gWyte215ONT5Pp5a0yt4nlEoO1ZWeCwpncaekPHXO60i47ihFnZPiRPjRMq4Q==",
      "optional": true
    },
    "video-worker": {
      "version": "1.1.10",
      "resolved": "https://registry.npmjs.org/video-worker/-/video-worker-1.1.10.tgz",
      "integrity": "sha512-a/6IQvE5lsaNs4sM+hAPCATF3sdV0OAhM78gBOHBztccSEXXi5f/ZLwsldWzvcSwKgdHdRXq/AuWEhvqY/oYLQ==",
      "requires": {
        "global": "^4.4.0"
      }
    },
    "waypoints": {
      "version": "4.0.1",
      "resolved": "https://registry.npmjs.org/waypoints/-/waypoints-4.0.1.tgz",
      "integrity": "sha1-CZeaBXOBCylifLpDZqKEoGLsacg="
    }
  }
}
